<Solution>
  <Project Path="ProjectManagement.API/ProjectManagement.API.csproj" />
  <Project Path="ProjectManagement.Application/ProjectManagement.Application.csproj" />
  <Project Path="ProjectManagement.Domain/ProjectManagement.Domain.csproj" Id="a8d11f4b-42f1-4bc3-881a-366ef82be521" />
  <Project Path="ProjectManagement.Infrastructure/ProjectManagement.Infrastructure.csproj" />
  <Project Path="ProjectManagement.Persistence/ProjectManagement.Persistence.csproj" Id="ceac01b7-be59-4f3d-b1e0-01aa9e6de1e6" />
</Solution>
