<Solution>
  <Project Path="ProjectManagement.API/ProjectManagement.API.csproj" />
  <Project Path="ProjectManagement.Application/ProjectManagement.Application.csproj" />
  <Project Path="ProjectManagement.Core/ProjectManagement.Core.csproj" />
  <Project Path="ProjectManagement.Infrastructure/ProjectManagement.Infrastructure.csproj" />
</Solution>
